
Microsoft Visual Studio Solution File, Format Version 12.00
# Visual Studio Version 17
VisualStudioVersion = 17.3.32929.385
MinimumVisualStudioVersion = 10.0.40219.1
Project("{FAE04EC0-301F-11D3-BF4B-00C04F79EFBC}") = "Mensagens.Android", "Mensagens\Mensagens.Android\Mensagens.Android.csproj", "{630077ED-880B-417E-A5DE-6332585D8B01}"
EndProject
Project("{9A19103F-16F7-4668-BE54-9A1E7A4F7556}") = "Mensagens", "Mensagens\Mensagens\Mensagens.csproj", "{65442D3B-2B95-4C63-9AA1-DDAFE0921283}"
EndProject
Project("{2150E333-8FDC-42A3-9474-1A3956D46DE8}") = "DataServices", "DataServices", "{66772709-5E78-41EE-B759-B6870B51F709}"
	ProjectSection(SolutionItems) = preProject
		Services.cs = Services.cs
	EndProjectSection
EndProject
Global
	GlobalSection(SolutionConfigurationPlatforms) = preSolution
		Debug|Any CPU = Debug|Any CPU
		Release|Any CPU = Release|Any CPU
	EndGlobalSection
	GlobalSection(ProjectConfigurationPlatforms) = postSolution
		{630077ED-880B-417E-A5DE-6332585D8B01}.Debug|Any CPU.ActiveCfg = Debug|Any CPU
		{630077ED-880B-417E-A5DE-6332585D8B01}.Debug|Any CPU.Build.0 = Debug|Any CPU
		{630077ED-880B-417E-A5DE-6332585D8B01}.Debug|Any CPU.Deploy.0 = Debug|Any CPU
		{630077ED-880B-417E-A5DE-6332585D8B01}.Release|Any CPU.ActiveCfg = Release|Any CPU
		{630077ED-880B-417E-A5DE-6332585D8B01}.Release|Any CPU.Build.0 = Release|Any CPU
		{630077ED-880B-417E-A5DE-6332585D8B01}.Release|Any CPU.Deploy.0 = Release|Any CPU
		{65442D3B-2B95-4C63-9AA1-DDAFE0921283}.Debug|Any CPU.ActiveCfg = Debug|Any CPU
		{65442D3B-2B95-4C63-9AA1-DDAFE0921283}.Debug|Any CPU.Build.0 = Debug|Any CPU
		{65442D3B-2B95-4C63-9AA1-DDAFE0921283}.Debug|Any CPU.Deploy.0 = Debug|Any CPU
		{65442D3B-2B95-4C63-9AA1-DDAFE0921283}.Release|Any CPU.ActiveCfg = Release|Any CPU
		{65442D3B-2B95-4C63-9AA1-DDAFE0921283}.Release|Any CPU.Build.0 = Release|Any CPU
		{65442D3B-2B95-4C63-9AA1-DDAFE0921283}.Release|Any CPU.Deploy.0 = Release|Any CPU
	EndGlobalSection
	GlobalSection(SolutionProperties) = preSolution
		HideSolutionNode = FALSE
	EndGlobalSection
	GlobalSection(ExtensibilityGlobals) = postSolution
		SolutionGuid = {9737F3C5-F804-470E-BF90-7B931E37FF43}
	EndGlobalSection
EndGlobal
